
Microsoft Visual Studio Solution File, Format Version 12.00
# Visual Studio 15
VisualStudioVersion = 15.0.27703.2026
MinimumVisualStudioVersion = 10.0.40219.1
Project("{8BC9CEB8-8B4A-11D0-8D11-00A0C91BC942}") = "BankAccountApp", "BankAccountApp\BankAccountApp.vcxproj", "{29A39869-9E32-456B-A9A8-95271D7D8FC1}"
EndProject
Global
	GlobalSection(SolutionConfigurationPlatforms) = preSolution
		Debug|x64 = Debug|x64
		Debug|x86 = Debug|x86
		Release|x64 = Release|x64
		Release|x86 = Release|x86
	EndGlobalSection
	GlobalSection(ProjectConfigurationPlatforms) = postSolution
		{29A39869-9E32-456B-A9A8-95271D7D8FC1}.Debug|x64.ActiveCfg = Debug|x64
		{29A39869-9E32-456B-A9A8-95271D7D8FC1}.Debug|x64.Build.0 = Debug|x64
		{29A39869-9E32-456B-A9A8-95271D7D8FC1}.Debug|x86.ActiveCfg = Debug|Win32
		{29A39869-9E32-456B-A9A8-95271D7D8FC1}.Debug|x86.Build.0 = Debug|Win32
		{29A39869-9E32-456B-A9A8-95271D7D8FC1}.Release|x64.ActiveCfg = Release|x64
		{29A39869-9E32-456B-A9A8-95271D7D8FC1}.Release|x64.Build.0 = Release|x64
		{29A39869-9E32-456B-A9A8-95271D7D8FC1}.Release|x86.ActiveCfg = Release|Win32
		{29A39869-9E32-456B-A9A8-95271D7D8FC1}.Release|x86.Build.0 = Release|Win32
	EndGlobalSection
	GlobalSection(SolutionProperties) = preSolution
		HideSolutionNode = FALSE
	EndGlobalSection
	GlobalSection(ExtensibilityGlobals) = postSolution
		SolutionGuid = {7B58D598-B313-4730-BD4E-F9FF6F460FAD}
	EndGlobalSection
EndGlobal
