
Microsoft Visual Studio Solution File, Format Version 12.00
# Visual Studio 15
VisualStudioVersion = 15.0.27703.2026
MinimumVisualStudioVersion = 10.0.40219.1
Project("{8BC9CEB8-8B4A-11D0-8D11-00A0C91BC942}") = "ConsoleApplication2", "ConsoleApplication2\ConsoleApplication2.vcxproj", "{CF0EB243-6347-4076-8C0E-EFB2746DEF10}"
EndProject
Global
	GlobalSection(SolutionConfigurationPlatforms) = preSolution
		Debug|x64 = Debug|x64
		Debug|x86 = Debug|x86
		Release|x64 = Release|x64
		Release|x86 = Release|x86
	EndGlobalSection
	GlobalSection(ProjectConfigurationPlatforms) = postSolution
		{CF0EB243-6347-4076-8C0E-EFB2746DEF10}.Debug|x64.ActiveCfg = Debug|x64
		{CF0EB243-6347-4076-8C0E-EFB2746DEF10}.Debug|x64.Build.0 = Debug|x64
		{CF0EB243-6347-4076-8C0E-EFB2746DEF10}.Debug|x86.ActiveCfg = Debug|Win32
		{CF0EB243-6347-4076-8C0E-EFB2746DEF10}.Debug|x86.Build.0 = Debug|Win32
		{CF0EB243-6347-4076-8C0E-EFB2746DEF10}.Release|x64.ActiveCfg = Release|x64
		{CF0EB243-6347-4076-8C0E-EFB2746DEF10}.Release|x64.Build.0 = Release|x64
		{CF0EB243-6347-4076-8C0E-EFB2746DEF10}.Release|x86.ActiveCfg = Release|Win32
		{CF0EB243-6347-4076-8C0E-EFB2746DEF10}.Release|x86.Build.0 = Release|Win32
	EndGlobalSection
	GlobalSection(SolutionProperties) = preSolution
		HideSolutionNode = FALSE
	EndGlobalSection
	GlobalSection(ExtensibilityGlobals) = postSolution
		SolutionGuid = {63B8C24E-25A0-4313-99F1-9A28D95FC4A7}
	EndGlobalSection
EndGlobal
