
Microsoft Visual Studio Solution File, Format Version 12.00
# Visual Studio 15
VisualStudioVersion = 15.0.27703.2026
MinimumVisualStudioVersion = 10.0.40219.1
Project("{8BC9CEB8-8B4A-11D0-8D11-00A0C91BC942}") = "Circle2", "Circle2\Circle2.vcxproj", "{356306A4-7F26-49B3-9827-18DE5E9B9551}"
EndProject
Global
	GlobalSection(SolutionConfigurationPlatforms) = preSolution
		Debug|x64 = Debug|x64
		Debug|x86 = Debug|x86
		Release|x64 = Release|x64
		Release|x86 = Release|x86
	EndGlobalSection
	GlobalSection(ProjectConfigurationPlatforms) = postSolution
		{356306A4-7F26-49B3-9827-18DE5E9B9551}.Debug|x64.ActiveCfg = Debug|x64
		{356306A4-7F26-49B3-9827-18DE5E9B9551}.Debug|x64.Build.0 = Debug|x64
		{356306A4-7F26-49B3-9827-18DE5E9B9551}.Debug|x86.ActiveCfg = Debug|Win32
		{356306A4-7F26-49B3-9827-18DE5E9B9551}.Debug|x86.Build.0 = Debug|Win32
		{356306A4-7F26-49B3-9827-18DE5E9B9551}.Release|x64.ActiveCfg = Release|x64
		{356306A4-7F26-49B3-9827-18DE5E9B9551}.Release|x64.Build.0 = Release|x64
		{356306A4-7F26-49B3-9827-18DE5E9B9551}.Release|x86.ActiveCfg = Release|Win32
		{356306A4-7F26-49B3-9827-18DE5E9B9551}.Release|x86.Build.0 = Release|Win32
	EndGlobalSection
	GlobalSection(SolutionProperties) = preSolution
		HideSolutionNode = FALSE
	EndGlobalSection
	GlobalSection(ExtensibilityGlobals) = postSolution
		SolutionGuid = {FEAE0494-2F4F-46B4-9DF1-061AE361C9AD}
	EndGlobalSection
EndGlobal
